
Microsoft Visual Studio Solution File, Format Version 12.00
# Visual Studio Version 17
VisualStudioVersion = 17.3.32901.215
MinimumVisualStudioVersion = 10.0.40219.1
Project("{8BC9CEB8-8B4A-11D0-8D11-00A0C91BC942}") = "Search-for-the-Hamilton-cycle", "Search-for-the-Hamilton-cycle\Search-for-the-Hamilton-cycle.vcxproj", "{9D4D645D-7C72-4209-8F23-387E5528A07B}"
EndProject
Global
	GlobalSection(SolutionConfigurationPlatforms) = preSolution
		Debug|x64 = Debug|x64
		Debug|x86 = Debug|x86
		Release|x64 = Release|x64
		Release|x86 = Release|x86
	EndGlobalSection
	GlobalSection(ProjectConfigurationPlatforms) = postSolution
		{9D4D645D-7C72-4209-8F23-387E5528A07B}.Debug|x64.ActiveCfg = Debug|x64
		{9D4D645D-7C72-4209-8F23-387E5528A07B}.Debug|x64.Build.0 = Debug|x64
		{9D4D645D-7C72-4209-8F23-387E5528A07B}.Debug|x86.ActiveCfg = Debug|Win32
		{9D4D645D-7C72-4209-8F23-387E5528A07B}.Debug|x86.Build.0 = Debug|Win32
		{9D4D645D-7C72-4209-8F23-387E5528A07B}.Release|x64.ActiveCfg = Release|x64
		{9D4D645D-7C72-4209-8F23-387E5528A07B}.Release|x64.Build.0 = Release|x64
		{9D4D645D-7C72-4209-8F23-387E5528A07B}.Release|x86.ActiveCfg = Release|Win32
		{9D4D645D-7C72-4209-8F23-387E5528A07B}.Release|x86.Build.0 = Release|Win32
	EndGlobalSection
	GlobalSection(SolutionProperties) = preSolution
		HideSolutionNode = FALSE
	EndGlobalSection
	GlobalSection(ExtensibilityGlobals) = postSolution
		SolutionGuid = {8DCD918D-B3CB-4FF7-A153-3275BFFA0C11}
	EndGlobalSection
EndGlobal
